
Microsoft Visual Studio Solution File, Format Version 12.00
# Visual Studio Version 16
VisualStudioVersion = 16.0.31911.196
MinimumVisualStudioVersion = 10.0.40219.1
Project("{FAE04EC0-301F-11D3-BF4B-00C04F79EFBC}") = "Contracter", "Contracter\Contracter.csproj", "{0D43768A-0F96-416F-B619-6BB061EF0E85}"
EndProject
Global
	GlobalSection(SolutionConfigurationPlatforms) = preSolution
		Debug|Any CPU = Debug|Any CPU
		Release|Any CPU = Release|Any CPU
	EndGlobalSection
	GlobalSection(ProjectConfigurationPlatforms) = postSolution
		{0D43768A-0F96-416F-B619-6BB061EF0E85}.Debug|Any CPU.ActiveCfg = Debug|Any CPU
		{0D43768A-0F96-416F-B619-6BB061EF0E85}.Debug|Any CPU.Build.0 = Debug|Any CPU
		{0D43768A-0F96-416F-B619-6BB061EF0E85}.Release|Any CPU.ActiveCfg = Release|Any CPU
		{0D43768A-0F96-416F-B619-6BB061EF0E85}.Release|Any CPU.Build.0 = Release|Any CPU
	EndGlobalSection
	GlobalSection(SolutionProperties) = preSolution
		HideSolutionNode = FALSE
	EndGlobalSection
	GlobalSection(ExtensibilityGlobals) = postSolution
		SolutionGuid = {F1DBFEC2-6488-4882-8B08-B38E36298B57}
	EndGlobalSection
EndGlobal
